
Microsoft Visual Studio Solution File, Format Version 12.00
# Visual Studio Version 16
VisualStudioVersion = 16.0.30717.126
MinimumVisualStudioVersion = 10.0.40219.1
Project("{FAE04EC0-301F-11D3-BF4B-00C04F79EFBC}") = "Lambda2", "Lambda2\Lambda2.csproj", "{F334544E-C5A8-42A9-924A-207B07031325}"
EndProject
Global
	GlobalSection(SolutionConfigurationPlatforms) = preSolution
		Debug|Any CPU = Debug|Any CPU
		Release|Any CPU = Release|Any CPU
	EndGlobalSection
	GlobalSection(ProjectConfigurationPlatforms) = postSolution
		{F334544E-C5A8-42A9-924A-207B07031325}.Debug|Any CPU.ActiveCfg = Debug|Any CPU
		{F334544E-C5A8-42A9-924A-207B07031325}.Debug|Any CPU.Build.0 = Debug|Any CPU
		{F334544E-C5A8-42A9-924A-207B07031325}.Debug|Any CPU.Deploy.0 = Debug|Any CPU
		{F334544E-C5A8-42A9-924A-207B07031325}.Release|Any CPU.ActiveCfg = Release|Any CPU
		{F334544E-C5A8-42A9-924A-207B07031325}.Release|Any CPU.Build.0 = Release|Any CPU
		{F334544E-C5A8-42A9-924A-207B07031325}.Release|Any CPU.Deploy.0 = Release|Any CPU
	EndGlobalSection
	GlobalSection(SolutionProperties) = preSolution
		HideSolutionNode = FALSE
	EndGlobalSection
	GlobalSection(ExtensibilityGlobals) = postSolution
		SolutionGuid = {76C81E4F-F9CC-455D-A494-9488EA5B1AC8}
	EndGlobalSection
EndGlobal
